PODS:
  - Flutter (1.0.0)
  - virtru_sdk_flutter (0.0.1):
    - Flutter

DEPENDENCIES:
  - Flutter (from `Flutter`)
  - virtru_sdk_flutter (from `.symlinks/plugins/virtru_sdk_flutter/ios`)

EXTERNAL SOURCES:
  Flutter:
    :path: Flutter
  virtru_sdk_flutter:
    :path: ".symlinks/plugins/virtru_sdk_flutter/ios"

SPEC CHECKSUMS:
  Flutter: f04841e97a9d0b0a8025694d0796dd46242b2854
  virtru_sdk_flutter: 1cce54b8c5fc1e818e8292fa28c9a5f865dd2c4a

PODFILE CHECKSUM: 70d9d25280d0dd177a5f637cdb0f0b0b12c6a189

COCOAPODS: 1.12.1
